// !$*UTF8*$!
{
	archiveVersion = 1;
	classes = {
	};
	objectVersion = 46;
	objects = {

/* Begin PBXBuildFile section */
		7CC9C03F1DFEB8DC00FF81A0 /* main.m in Sources */ = {isa = PBXBuildFile; fileRef = 7CC9C03E1DFEB8DC00FF81A0 /* main.m */; };
		7CC9C0421DFEB8DC00FF81A0 /* AppDelegate.m in Sources */ = {isa = PBXBuildFile; fileRef = 7CC9C0411DFEB8DC00FF81A0 /* AppDelegate.m */; };
		7CC9C0451DFEB8DC00FF81A0 /* HWCoreDataPart1.xcdatamodeld in Sources */ = {isa = PBXBuildFile; fileRef = 7CC9C0431DFEB8DC00FF81A0 /* HWCoreDataPart1.xcdatamodeld */; };
		7CC9C0481DFEB8DC00FF81A0 /* MasterViewController.m in Sources */ = {isa = PBXBuildFile; fileRef = 7CC9C0471DFEB8DC00FF81A0 /* MasterViewController.m */; };
		7CC9C04B1DFEB8DC00FF81A0 /* DetailViewController.m in Sources */ = {isa = PBXBuildFile; fileRef = 7CC9C04A1DFEB8DC00FF81A0 /* DetailViewController.m */; };
		7CC9C04E1DFEB8DC00FF81A0 /* Main.storyboard in Resources */ = {isa = PBXBuildFile; fileRef = 7CC9C04C1DFEB8DC00FF81A0 /* Main.storyboard */; };
		7CC9C0501DFEB8DC00FF81A0 /* Assets.xcassets in Resources */ = {isa = PBXBuildFile; fileRef = 7CC9C04F1DFEB8DC00FF81A0 /* Assets.xcassets */; };
		7CC9C0531DFEB8DC00FF81A0 /* LaunchScreen.storyboard in Resources */ = {isa = PBXBuildFile; fileRef = 7CC9C0511DFEB8DC00FF81A0 /* LaunchScreen.storyboard */; };
		7CC9C05C1DFEC08600FF81A0 /* CoreDataManager.m in Sources */ = {isa = PBXBuildFile; fileRef = 7CC9C05B1DFEC08600FF81A0 /* CoreDataManager.m */; };
		AEB7FB341E02EF570084DB54 /* RandomInfo.m in Sources */ = {isa = PBXBuildFile; fileRef = AEB7FB331E02EF570084DB54 /* RandomInfo.m */; };
		AEB7FB371E0301870084DB54 /* SettingTableViewController.m in Sources */ = {isa = PBXBuildFile; fileRef = AEB7FB361E0301870084DB54 /* SettingTableViewController.m */; };
		AEB7FB3D1E030A090084DB54 /* TableSettings.m in Sources */ = {isa = PBXBuildFile; fileRef = AEB7FB3C1E030A090084DB54 /* TableSettings.m */; };
/* End PBXBuildFile section */

/* Begin PBXFileReference section */
		7CC9C03A1DFEB8DC00FF81A0 /* HWCoreDataPart1.app */ = {isa = PBXFileReference; explicitFileType = wrapper.application; includeInIndex = 0; path = HWCoreDataPart1.app; sourceTree = BUILT_PRODUCTS_DIR; };
		7CC9C03E1DFEB8DC00FF81A0 /* main.m */ = {isa = PBXFileReference; lastKnownFileType = sourcecode.c.objc; path = main.m; sourceTree = "<group>"; };
		7CC9C0401DFEB8DC00FF81A0 /* AppDelegate.h */ = {isa = PBXFileReference; lastKnownFileType = sourcecode.c.h; path = AppDelegate.h; sourceTree = "<group>"; };
		7CC9C0411DFEB8DC00FF81A0 /* AppDelegate.m */ = {isa = PBXFileReference; lastKnownFileType = sourcecode.c.objc; path = AppDelegate.m; sourceTree = "<group>"; };
		7CC9C0441DFEB8DC00FF81A0 /* HWCoreDataPart1.xcdatamodel */ = {isa = PBXFileReference; lastKnownFileType = wrapper.xcdatamodel; path = HWCoreDataPart1.xcdatamodel; sourceTree = "<group>"; };
		7CC9C0461DFEB8DC00FF81A0 /* MasterViewController.h */ = {isa = PBXFileReference; lastKnownFileType = sourcecode.c.h; path = MasterViewController.h; sourceTree = "<group>"; };
		7CC9C0471DFEB8DC00FF81A0 /* MasterViewController.m */ = {isa = PBXFileReference; lastKnownFileType = sourcecode.c.objc; path = MasterViewController.m; sourceTree = "<group>"; };
		7CC9C0491DFEB8DC00FF81A0 /* DetailViewController.h */ = {isa = PBXFileReference; lastKnownFileType = sourcecode.c.h; path = DetailViewController.h; sourceTree = "<group>"; };
		7CC9C04A1DFEB8DC00FF81A0 /* DetailViewController.m */ = {isa = PBXFileReference; lastKnownFileType = sourcecode.c.objc; path = DetailViewController.m; sourceTree = "<group>"; };
		7CC9C04D1DFEB8DC00FF81A0 /* Base */ = {isa = PBXFileReference; lastKnownFileType = file.storyboard; name = Base; path = Base.lproj/Main.storyboard; sourceTree = "<group>"; };
		7CC9C04F1DFEB8DC00FF81A0 /* Assets.xcassets */ = {isa = PBXFileReference; lastKnownFileType = folder.assetcatalog; path = Assets.xcassets; sourceTree = "<group>"; };
		7CC9C0521DFEB8DC00FF81A0 /* Base */ = {isa = PBXFileReference; lastKnownFileType = file.storyboard; name = Base; path = Base.lproj/LaunchScreen.storyboard; sourceTree = "<group>"; };
		7CC9C0541DFEB8DC00FF81A0 /* Info.plist */ = {isa = PBXFileReference; lastKnownFileType = text.plist.xml; path = Info.plist; sourceTree = "<group>"; };
		7CC9C05A1DFEC08600FF81A0 /* CoreDataManager.h */ = {isa = PBXFileReference; fileEncoding = 4; lastKnownFileType = sourcecode.c.h; path = CoreDataManager.h; sourceTree = "<group>"; };
		7CC9C05B1DFEC08600FF81A0 /* CoreDataManager.m */ = {isa = PBXFileReference; fileEncoding = 4; lastKnownFileType = sourcecode.c.objc; path = CoreDataManager.m; sourceTree = "<group>"; };
		AEB7FB321E02EF570084DB54 /* RandomInfo.h */ = {isa = PBXFileReference; fileEncoding = 4; lastKnownFileType = sourcecode.c.h; path = RandomInfo.h; sourceTree = "<group>"; };
		AEB7FB331E02EF570084DB54 /* RandomInfo.m */ = {isa = PBXFileReference; fileEncoding = 4; lastKnownFileType = sourcecode.c.objc; path = RandomInfo.m; sourceTree = "<group>"; };
		AEB7FB351E0301870084DB54 /* SettingTableViewController.h */ = {isa = PBXFileReference; fileEncoding = 4; lastKnownFileType = sourcecode.c.h; path = SettingTableViewController.h; sourceTree = "<group>"; };
		AEB7FB361E0301870084DB54 /* SettingTableViewController.m */ = {isa = PBXFileReference; fileEncoding = 4; lastKnownFileType = sourcecode.c.objc; path = SettingTableViewController.m; sourceTree = "<group>"; };
		AEB7FB3B1E030A090084DB54 /* TableSettings.h */ = {isa = PBXFileReference; fileEncoding = 4; lastKnownFileType = sourcecode.c.h; path = TableSettings.h; sourceTree = "<group>"; };
		AEB7FB3C1E030A090084DB54 /* TableSettings.m */ = {isa = PBXFileReference; fileEncoding = 4; lastKnownFileType = sourcecode.c.objc; path = TableSettings.m; sourceTree = "<group>"; };
/* End PBXFileReference section */

/* Begin PBXFrameworksBuildPhase section */
		7CC9C0371DFEB8DC00FF81A0 /* Frameworks */ = {
			isa = PBXFrameworksBuildPhase;
			buildActionMask = 2147483647;
			files = (
			);
			runOnlyForDeploymentPostprocessing = 0;
		};
/* End PBXFrameworksBuildPhase section */

/* Begin PBXGroup section */
		7CC9C0311DFEB8DC00FF81A0 = {
			isa = PBXGroup;
			children = (
				7CC9C03C1DFEB8DC00FF81A0 /* HWCoreDataPart1 */,
				7CC9C03B1DFEB8DC00FF81A0 /* Products */,
			);
			sourceTree = "<group>";
		};
		7CC9C03B1DFEB8DC00FF81A0 /* Products */ = {
			isa = PBXGroup;
			children = (
				7CC9C03A1DFEB8DC00FF81A0 /* HWCoreDataPart1.app */,
			);
			name = Products;
			sourceTree = "<group>";
		};
		7CC9C03C1DFEB8DC00FF81A0 /* HWCoreDataPart1 */ = {
			isa = PBXGroup;
			children = (
				AED94E2D1E027767002AAA92 /* Model */,
				AED94E2C1E027761002AAA92 /* View */,
				AED94E2B1E027754002AAA92 /* Controller */,
				7CC9C03D1DFEB8DC00FF81A0 /* Supporting Files */,
			);
			path = HWCoreDataPart1;
			sourceTree = "<group>";
		};
		7CC9C03D1DFEB8DC00FF81A0 /* Supporting Files */ = {
			isa = PBXGroup;
			children = (
				7CC9C04F1DFEB8DC00FF81A0 /* Assets.xcassets */,
				7CC9C0511DFEB8DC00FF81A0 /* LaunchScreen.storyboard */,
				7CC9C0541DFEB8DC00FF81A0 /* Info.plist */,
				7CC9C0431DFEB8DC00FF81A0 /* HWCoreDataPart1.xcdatamodeld */,
				7CC9C0401DFEB8DC00FF81A0 /* AppDelegate.h */,
				7CC9C0411DFEB8DC00FF81A0 /* AppDelegate.m */,
				7CC9C03E1DFEB8DC00FF81A0 /* main.m */,
			);
			name = "Supporting Files";
			sourceTree = "<group>";
		};
		AED94E2B1E027754002AAA92 /* Controller */ = {
			isa = PBXGroup;
			children = (
				7CC9C0461DFEB8DC00FF81A0 /* MasterViewController.h */,
				7CC9C0471DFEB8DC00FF81A0 /* MasterViewController.m */,
				7CC9C0491DFEB8DC00FF81A0 /* DetailViewController.h */,
				7CC9C04A1DFEB8DC00FF81A0 /* DetailViewController.m */,
				AEB7FB351E0301870084DB54 /* SettingTableViewController.h */,
				AEB7FB361E0301870084DB54 /* SettingTableViewController.m */,
			);
			name = Controller;
			sourceTree = "<group>";
		};
		AED94E2C1E027761002AAA92 /* View */ = {
			isa = PBXGroup;
			children = (
				7CC9C04C1DFEB8DC00FF81A0 /* Main.storyboard */,
			);
			name = View;
			sourceTree = "<group>";
		};
		AED94E2D1E027767002AAA92 /* Model */ = {
			isa = PBXGroup;
			children = (
				7CC9C05A1DFEC08600FF81A0 /* CoreDataManager.h */,
				7CC9C05B1DFEC08600FF81A0 /* CoreDataManager.m */,
				AEB7FB321E02EF570084DB54 /* RandomInfo.h */,
				AEB7FB331E02EF570084DB54 /* RandomInfo.m */,
				AEB7FB3B1E030A090084DB54 /* TableSettings.h */,
				AEB7FB3C1E030A090084DB54 /* TableSettings.m */,
			);
			name = Model;
			sourceTree = "<group>";
		};
/* End PBXGroup section */

/* Begin PBXNativeTarget section */
		7CC9C0391DFEB8DC00FF81A0 /* HWCoreDataPart1 */ = {
			isa = PBXNativeTarget;
			buildConfigurationList = 7CC9C0571DFEB8DC00FF81A0 /* Build configuration list for PBXNativeTarget "HWCoreDataPart1" */;
			buildPhases = (
				7CC9C0361DFEB8DC00FF81A0 /* Sources */,
				7CC9C0371DFEB8DC00FF81A0 /* Frameworks */,
				7CC9C0381DFEB8DC00FF81A0 /* Resources */,
			);
			buildRules = (
			);
			dependencies = (
			);
			name = HWCoreDataPart1;
			productName = HWCoreDataPart1;
			productReference = 7CC9C03A1DFEB8DC00FF81A0 /* HWCoreDataPart1.app */;
			productType = "com.apple.product-type.application";
		};
/* End PBXNativeTarget section */

/* Begin PBXProject section */
		7CC9C0321DFEB8DC00FF81A0 /* Project object */ = {
			isa = PBXProject;
			attributes = {
				LastUpgradeCheck = 0810;
				ORGANIZATIONNAME = com.itis.iosLab;
				TargetAttributes = {
					7CC9C0391DFEB8DC00FF81A0 = {
						CreatedOnToolsVersion = 8.1;
						DevelopmentTeam = 949WBM2944;
						ProvisioningStyle = Automatic;
					};
				};
			};
			buildConfigurationList = 7CC9C0351DFEB8DC00FF81A0 /* Build configuration list for PBXProject "HWCoreDataPart1" */;
			compatibilityVersion = "Xcode 3.2";
			developmentRegion = English;
			hasScannedForEncodings = 0;
			knownRegions = (
				en,
				Base,
			);
			mainGroup = 7CC9C0311DFEB8DC00FF81A0;
			productRefGroup = 7CC9C03B1DFEB8DC00FF81A0 /* Products */;
			projectDirPath = "";
			projectRoot = "";
			targets = (
				7CC9C0391DFEB8DC00FF81A0 /* HWCoreDataPart1 */,
			);
		};
/* End PBXProject section */

/* Begin PBXResourcesBuildPhase section */
		7CC9C0381DFEB8DC00FF81A0 /* Resources */ = {
			isa = PBXResourcesBuildPhase;
			buildActionMask = 2147483647;
			files = (
				7CC9C0531DFEB8DC00FF81A0 /* LaunchScreen.storyboard in Resources */,
				7CC9C0501DFEB8DC00FF81A0 /* Assets.xcassets in Resources */,
				7CC9C04E1DFEB8DC00FF81A0 /* Main.storyboard in Resources */,
			);
			runOnlyForDeploymentPostprocessing = 0;
		};
/* End PBXResourcesBuildPhase section */

/* Begin PBXSourcesBuildPhase section */
		7CC9C0361DFEB8DC00FF81A0 /* Sources */ = {
			isa = PBXSourcesBuildPhase;
			buildActionMask = 2147483647;
			files = (
				7CC9C05C1DFEC08600FF81A0 /* CoreDataManager.m in Sources */,
				7CC9C04B1DFEB8DC00FF81A0 /* DetailViewController.m in Sources */,
				AEB7FB3D1E030A090084DB54 /* TableSettings.m in Sources */,
				AEB7FB341E02EF570084DB54 /* RandomInfo.m in Sources */,
				7CC9C0481DFEB8DC00FF81A0 /* MasterViewController.m in Sources */,
				AEB7FB371E0301870084DB54 /* SettingTableViewController.m in Sources */,
				7CC9C0421DFEB8DC00FF81A0 /* AppDelegate.m in Sources */,
				7CC9C0451DFEB8DC00FF81A0 /* HWCoreDataPart1.xcdatamodeld in Sources */,
				7CC9C03F1DFEB8DC00FF81A0 /* main.m in Sources */,
			);
			runOnlyForDeploymentPostprocessing = 0;
		};
/* End PBXSourcesBuildPhase section */

/* Begin PBXVariantGroup section */
		7CC9C04C1DFEB8DC00FF81A0 /* Main.storyboard */ = {
			isa = PBXVariantGroup;
			children = (
				7CC9C04D1DFEB8DC00FF81A0 /* Base */,
			);
			name = Main.storyboard;
			sourceTree = "<group>";
		};
		7CC9C0511DFEB8DC00FF81A0 /* LaunchScreen.storyboard */ = {
			isa = PBXVariantGroup;
			children = (
				7CC9C0521DFEB8DC00FF81A0 /* Base */,
			);
			name = LaunchScreen.storyboard;
			sourceTree = "<group>";
		};
/* End PBXVariantGroup section */

/* Begin XCBuildConfiguration section */
		7CC9C0551DFEB8DC00FF81A0 /* Debug */ = {
			isa = XCBuildConfiguration;
			buildSettings = {
				ALWAYS_SEARCH_USER_PATHS = NO;
				CLANG_ANALYZER_NONNULL = YES;
				CLANG_CXX_LANGUAGE_STANDARD = "gnu++0x";
				CLANG_CXX_LIBRARY = "libc++";
				CLANG_ENABLE_MODULES = YES;
				CLANG_ENABLE_OBJC_ARC = YES;
				CLANG_WARN_BOOL_CONVERSION = YES;
				CLANG_WARN_CONSTANT_CONVERSION = YES;
				CLANG_WARN_DIRECT_OBJC_ISA_USAGE = YES_ERROR;
				CLANG_WARN_DOCUMENTATION_COMMENTS = YES;
				CLANG_WARN_EMPTY_BODY = YES;
				CLANG_WARN_ENUM_CONVERSION = YES;
				CLANG_WARN_INFINITE_RECURSION = YES;
				CLANG_WARN_INT_CONVERSION = YES;
				CLANG_WARN_OBJC_ROOT_CLASS = YES_ERROR;
				CLANG_WARN_SUSPICIOUS_MOVES = YES;
				CLANG_WARN_UNREACHABLE_CODE = YES;
				CLANG_WARN__DUPLICATE_METHOD_MATCH = YES;
				"CODE_SIGN_IDENTITY[sdk=iphoneos*]" = "iPhone Developer";
				COPY_PHASE_STRIP = NO;
				DEBUG_INFORMATION_FORMAT = dwarf;
				ENABLE_STRICT_OBJC_MSGSEND = YES;
				ENABLE_TESTABILITY = YES;
				GCC_C_LANGUAGE_STANDARD = gnu99;
				GCC_DYNAMIC_NO_PIC = NO;
				GCC_NO_COMMON_BLOCKS = YES;
				GCC_OPTIMIZATION_LEVEL = 0;
				GCC_PREPROCESSOR_DEFINITIONS = (
					"DEBUG=1",
					"$(inherited)",
				);
				GCC_WARN_64_TO_32_BIT_CONVERSION = YES;
				GCC_WARN_ABOUT_RETURN_TYPE = YES_ERROR;
				GCC_WARN_UNDECLARED_SELECTOR = YES;
				GCC_WARN_UNINITIALIZED_AUTOS = YES_AGGRESSIVE;
				GCC_WARN_UNUSED_FUNCTION = YES;
				GCC_WARN_UNUSED_VARIABLE = YES;
				IPHONEOS_DEPLOYMENT_TARGET = 10.1;
				MTL_ENABLE_DEBUG_INFO = YES;
				ONLY_ACTIVE_ARCH = YES;
				SDKROOT = iphoneos;
			};
			name = Debug;
		};
		7CC9C0561DFEB8DC00FF81A0 /* Release */ = {
			isa = XCBuildConfiguration;
			buildSettings = {
				ALWAYS_SEARCH_USER_PATHS = NO;
				CLANG_ANALYZER_NONNULL = YES;
				CLANG_CXX_LANGUAGE_STANDARD = "gnu++0x";
				CLANG_CXX_LIBRARY = "libc++";
				CLANG_ENABLE_MODULES = YES;
				CLANG_ENABLE_OBJC_ARC = YES;
				CLANG_WARN_BOOL_CONVERSION = YES;
				CLANG_WARN_CONSTANT_CONVERSION = YES;
				CLANG_WARN_DIRECT_OBJC_ISA_USAGE = YES_ERROR;
				CLANG_WARN_DOCUMENTATION_COMMENTS = YES;
				CLANG_WARN_EMPTY_BODY = YES;
				CLANG_WARN_ENUM_CONVERSION = YES;
				CLANG_WARN_INFINITE_RECURSION = YES;
				CLANG_WARN_INT_CONVERSION = YES;
				CLANG_WARN_OBJC_ROOT_CLASS = YES_ERROR;
				CLANG_WARN_SUSPICIOUS_MOVES = YES;
				CLANG_WARN_UNREACHABLE_CODE = YES;
				CLANG_WARN__DUPLICATE_METHOD_MATCH = YES;
				"CODE_SIGN_IDENTITY[sdk=iphoneos*]" = "iPhone Developer";
				COPY_PHASE_STRIP = NO;
				DEBUG_INFORMATION_FORMAT = "dwarf-with-dsym";
				ENABLE_NS_ASSERTIONS = NO;
				ENABLE_STRICT_OBJC_MSGSEND = YES;
				GCC_C_LANGUAGE_STANDARD = gnu99;
				GCC_NO_COMMON_BLOCKS = YES;
				GCC_WARN_64_TO_32_BIT_CONVERSION = YES;
				GCC_WARN_ABOUT_RETURN_TYPE = YES_ERROR;
				GCC_WARN_UNDECLARED_SELECTOR = YES;
				GCC_WARN_UNINITIALIZED_AUTOS = YES_AGGRESSIVE;
				GCC_WARN_UNUSED_FUNCTION = YES;
				GCC_WARN_UNUSED_VARIABLE = YES;
				IPHONEOS_DEPLOYMENT_TARGET = 10.1;
				MTL_ENABLE_DEBUG_INFO = NO;
				SDKROOT = iphoneos;
				VALIDATE_PRODUCT = YES;
			};
			name = Release;
		};
		7CC9C0581DFEB8DC00FF81A0 /* Debug */ = {
			isa = XCBuildConfiguration;
			buildSettings = {
				ASSETCATALOG_COMPILER_APPICON_NAME = AppIcon;
				DEVELOPMENT_TEAM = 949WBM2944;
				INFOPLIST_FILE = HWCoreDataPart1/Info.plist;
				LD_RUNPATH_SEARCH_PATHS = "$(inherited) @executable_path/Frameworks";
				PRODUCT_BUNDLE_IDENTIFIER = com.itis.HWCoreDataPart1;
				PRODUCT_NAME = "$(TARGET_NAME)";
			};
			name = Debug;
		};
		7CC9C0591DFEB8DC00FF81A0 /* Release */ = {
			isa = XCBuildConfiguration;
			buildSettings = {
				ASSETCATALOG_COMPILER_APPICON_NAME = AppIcon;
				DEVELOPMENT_TEAM = 949WBM2944;
				INFOPLIST_FILE = HWCoreDataPart1/Info.plist;
				LD_RUNPATH_SEARCH_PATHS = "$(inherited) @executable_path/Frameworks";
				PRODUCT_BUNDLE_IDENTIFIER = com.itis.HWCoreDataPart1;
				PRODUCT_NAME = "$(TARGET_NAME)";
			};
			name = Release;
		};
/* End XCBuildConfiguration section */

/* Begin XCConfigurationList section */
		7CC9C0351DFEB8DC00FF81A0 /* Build configuration list for PBXProject "HWCoreDataPart1" */ = {
			isa = XCConfigurationList;
			buildConfigurations = (
				7CC9C0551DFEB8DC00FF81A0 /* Debug */,
				7CC9C0561DFEB8DC00FF81A0 /* Release */,
			);
			defaultConfigurationIsVisible = 0;
			defaultConfigurationName = Release;
		};
		7CC9C0571DFEB8DC00FF81A0 /* Build configuration list for PBXNativeTarget "HWCoreDataPart1" */ = {
			isa = XCConfigurationList;
			buildConfigurations = (
				7CC9C0581DFEB8DC00FF81A0 /* Debug */,
				7CC9C0591DFEB8DC00FF81A0 /* Release */,
			);
			defaultConfigurationIsVisible = 0;
			defaultConfigurationName = Release;
		};
/* End XCConfigurationList section */

/* Begin XCVersionGroup section */
		7CC9C0431DFEB8DC00FF81A0 /* HWCoreDataPart1.xcdatamodeld */ = {
			isa = XCVersionGroup;
			children = (
				7CC9C0441DFEB8DC00FF81A0 /* HWCoreDataPart1.xcdatamodel */,
			);
			currentVersion = 7CC9C0441DFEB8DC00FF81A0 /* HWCoreDataPart1.xcdatamodel */;
			path = HWCoreDataPart1.xcdatamodeld;
			sourceTree = "<group>";
			versionGroupType = wrapper.xcdatamodel;
		};
/* End XCVersionGroup section */
	};
	rootObject = 7CC9C0321DFEB8DC00FF81A0 /* Project object */;
}
